{
  "name": "FinalProject",
  "lockfileVersion": 2,
  "requires": true,
  "packages": {
    "": {
      "dependencies": {
        "@aposin/ng-aquila": "^13.9.1"
      }
    },
    "node_modules/@aposin/ng-aquila": {
      "version": "13.9.1",
      "resolved": "https://registry.npmjs.org/@aposin/ng-aquila/-/ng-aquila-13.9.1.tgz",
      "integrity": "sha512-MPj8kAeZNxqnq9aoyltG42iN4daWgGXEQXUYtWf4KDL1IO3/15nwY6zcQ/BN2PKoP48PiNWcjSfUnMjy/sGeWA==",
      "dependencies": {
        "dayjs": "^1.10.0",
        "decimal.js": "^10.3.1",
        "tslib": "^2.3.0"
      },
      "peerDependencies": {
        "@angular/animations": "^13.0.0",
        "@angular/cdk": "^13.0.0",
        "@angular/common": "^13.0.0",
        "@angular/core": "^13.0.0",
        "i18n-iso-countries": "^6.8.0",
        "iban": "^0.0.14",
        "moment": "^2.29.1"
      }
    },
    "node_modules/dayjs": {
      "version": "1.11.6",
      "resolved": "https://registry.npmjs.org/dayjs/-/dayjs-1.11.6.tgz",
      "integrity": "sha512-zZbY5giJAinCG+7AGaw0wIhNZ6J8AhWuSXKvuc1KAyMiRsvGQWqh4L+MomvhdAYjN+lqvVCMq1I41e3YHvXkyQ=="
    },
    "node_modules/decimal.js": {
      "version": "10.4.2",
      "resolved": "https://registry.npmjs.org/decimal.js/-/decimal.js-10.4.2.tgz",
      "integrity": "sha512-ic1yEvwT6GuvaYwBLLY6/aFFgjZdySKTE8en/fkU3QICTmRtgtSlFn0u0BXN06InZwtfCelR7j8LRiDI/02iGA=="
    },
    "node_modules/tslib": {
      "version": "2.4.0",
      "resolved": "https://registry.npmjs.org/tslib/-/tslib-2.4.0.tgz",
      "integrity": "sha512-d6xOpEDfsi2CZVlPQzGeux8XMwLT9hssAsaPYExaQMuYskwb+x1x7J371tWlbBdWHroy99KnVB6qIkUbs5X3UQ=="
    }
  },
  "dependencies": {
    "@aposin/ng-aquila": {
      "version": "13.9.1",
      "resolved": "https://registry.npmjs.org/@aposin/ng-aquila/-/ng-aquila-13.9.1.tgz",
      "integrity": "sha512-MPj8kAeZNxqnq9aoyltG42iN4daWgGXEQXUYtWf4KDL1IO3/15nwY6zcQ/BN2PKoP48PiNWcjSfUnMjy/sGeWA==",
      "requires": {
        "dayjs": "^1.10.0",
        "decimal.js": "^10.3.1",
        "tslib": "^2.3.0"
      }
    },
    "dayjs": {
      "version": "1.11.6",
      "resolved": "https://registry.npmjs.org/dayjs/-/dayjs-1.11.6.tgz",
      "integrity": "sha512-zZbY5giJAinCG+7AGaw0wIhNZ6J8AhWuSXKvuc1KAyMiRsvGQWqh4L+MomvhdAYjN+lqvVCMq1I41e3YHvXkyQ=="
    },
    "decimal.js": {
      "version": "10.4.2",
      "resolved": "https://registry.npmjs.org/decimal.js/-/decimal.js-10.4.2.tgz",
      "integrity": "sha512-ic1yEvwT6GuvaYwBLLY6/aFFgjZdySKTE8en/fkU3QICTmRtgtSlFn0u0BXN06InZwtfCelR7j8LRiDI/02iGA=="
    },
    "tslib": {
      "version": "2.4.0",
      "resolved": "https://registry.npmjs.org/tslib/-/tslib-2.4.0.tgz",
      "integrity": "sha512-d6xOpEDfsi2CZVlPQzGeux8XMwLT9hssAsaPYExaQMuYskwb+x1x7J371tWlbBdWHroy99KnVB6qIkUbs5X3UQ=="
    }
  }
}
